
Microsoft Visual Studio Solution File, Format Version 12.00
# Visual Studio Version 17
VisualStudioVersion = 17.12.35527.113
MinimumVisualStudioVersion = 10.0.40219.1
Project("{FAE04EC0-301F-11D3-BF4B-00C04F79EFBC}") = "N5Permission.Domain", "N5Permission.Domain\N5Permission.Domain.csproj", "{C9ABF1D2-1C97-4E90-9DD4-A1870246D4A6}"
EndProject
Project("{FAE04EC0-301F-11D3-BF4B-00C04F79EFBC}") = "N5Permission.Application", "N5Permission.Application\N5Permission.Application.csproj", "{FE07B891-76BC-4405-AB73-BF918FF4315F}"
EndProject
Project("{FAE04EC0-301F-11D3-BF4B-00C04F79EFBC}") = "N5Permission.Infrastructure", "N5Permission.Infrastructure\N5Permission.Infrastructure.csproj", "{51656AC7-5614-44F2-BE76-55CAB9723988}"
EndProject
Project("{FAE04EC0-301F-11D3-BF4B-00C04F79EFBC}") = "N5Permission.Persistence", "N5Permission.Persistence\N5Permission.Persistence.csproj", "{1FE203AA-B72B-42C4-BFFE-E3479CBB6470}"
EndProject
Project("{2150E333-8FDC-42A3-9474-1A3956D46DE8}") = "Domain", "Domain", "{FE415351-DB21-400D-9B35-F78D2E8BC931}"
EndProject
Project("{2150E333-8FDC-42A3-9474-1A3956D46DE8}") = "Api", "Api", "{03101D98-BE2E-4099-AFB6-3B3F6466121E}"
EndProject
Project("{2150E333-8FDC-42A3-9474-1A3956D46DE8}") = "Application", "Application", "{20DB3177-F30C-40C3-87B2-F2A7F5BFF405}"
EndProject
Project("{2150E333-8FDC-42A3-9474-1A3956D46DE8}") = "Infrastructure", "Infrastructure", "{C832F0CD-E3EB-40A7-8980-18F8A451F861}"
EndProject
Project("{FAE04EC0-301F-11D3-BF4B-00C04F79EFBC}") = "N5Permission.Api", "N5Permission.Api\N5Permission.Api.csproj", "{52B08C20-6D9A-4F8E-BBC0-BB48AD944E99}"
EndProject
Project("{2150E333-8FDC-42A3-9474-1A3956D46DE8}") = "IOC", "IOC", "{6F2E226D-EA83-4399-9F3A-44ED62B12DB5}"
EndProject
Project("{FAE04EC0-301F-11D3-BF4B-00C04F79EFBC}") = "N5Permission.IOC", "N5Permission.IOC\N5Permission.IOC.csproj", "{CB72BFA8-7E97-4A31-BCE6-DD948C141E7D}"
EndProject
Project("{2150E333-8FDC-42A3-9474-1A3956D46DE8}") = "Test", "Test", "{591EAA6D-F3AA-4ED1-A952-29D58CC7A9A3}"
EndProject
Project("{FAE04EC0-301F-11D3-BF4B-00C04F79EFBC}") = "N5Permission.Permission.Test", "N5Permission.Permission.Test\N5Permission.Permission.Test.csproj", "{7BED4645-C664-4F72-B054-9842841A2962}"
EndProject
Global
	GlobalSection(SolutionConfigurationPlatforms) = preSolution
		Debug|Any CPU = Debug|Any CPU
		Release|Any CPU = Release|Any CPU
	EndGlobalSection
	GlobalSection(ProjectConfigurationPlatforms) = postSolution
		{C9ABF1D2-1C97-4E90-9DD4-A1870246D4A6}.Debug|Any CPU.ActiveCfg = Debug|Any CPU
		{C9ABF1D2-1C97-4E90-9DD4-A1870246D4A6}.Debug|Any CPU.Build.0 = Debug|Any CPU
		{C9ABF1D2-1C97-4E90-9DD4-A1870246D4A6}.Release|Any CPU.ActiveCfg = Release|Any CPU
		{C9ABF1D2-1C97-4E90-9DD4-A1870246D4A6}.Release|Any CPU.Build.0 = Release|Any CPU
		{FE07B891-76BC-4405-AB73-BF918FF4315F}.Debug|Any CPU.ActiveCfg = Debug|Any CPU
		{FE07B891-76BC-4405-AB73-BF918FF4315F}.Debug|Any CPU.Build.0 = Debug|Any CPU
		{FE07B891-76BC-4405-AB73-BF918FF4315F}.Release|Any CPU.ActiveCfg = Release|Any CPU
		{FE07B891-76BC-4405-AB73-BF918FF4315F}.Release|Any CPU.Build.0 = Release|Any CPU
		{51656AC7-5614-44F2-BE76-55CAB9723988}.Debug|Any CPU.ActiveCfg = Debug|Any CPU
		{51656AC7-5614-44F2-BE76-55CAB9723988}.Debug|Any CPU.Build.0 = Debug|Any CPU
		{51656AC7-5614-44F2-BE76-55CAB9723988}.Release|Any CPU.ActiveCfg = Release|Any CPU
		{51656AC7-5614-44F2-BE76-55CAB9723988}.Release|Any CPU.Build.0 = Release|Any CPU
		{1FE203AA-B72B-42C4-BFFE-E3479CBB6470}.Debug|Any CPU.ActiveCfg = Debug|Any CPU
		{1FE203AA-B72B-42C4-BFFE-E3479CBB6470}.Debug|Any CPU.Build.0 = Debug|Any CPU
		{1FE203AA-B72B-42C4-BFFE-E3479CBB6470}.Release|Any CPU.ActiveCfg = Release|Any CPU
		{1FE203AA-B72B-42C4-BFFE-E3479CBB6470}.Release|Any CPU.Build.0 = Release|Any CPU
		{52B08C20-6D9A-4F8E-BBC0-BB48AD944E99}.Debug|Any CPU.ActiveCfg = Debug|Any CPU
		{52B08C20-6D9A-4F8E-BBC0-BB48AD944E99}.Debug|Any CPU.Build.0 = Debug|Any CPU
		{52B08C20-6D9A-4F8E-BBC0-BB48AD944E99}.Release|Any CPU.ActiveCfg = Release|Any CPU
		{52B08C20-6D9A-4F8E-BBC0-BB48AD944E99}.Release|Any CPU.Build.0 = Release|Any CPU
		{CB72BFA8-7E97-4A31-BCE6-DD948C141E7D}.Debug|Any CPU.ActiveCfg = Debug|Any CPU
		{CB72BFA8-7E97-4A31-BCE6-DD948C141E7D}.Debug|Any CPU.Build.0 = Debug|Any CPU
		{CB72BFA8-7E97-4A31-BCE6-DD948C141E7D}.Release|Any CPU.ActiveCfg = Release|Any CPU
		{CB72BFA8-7E97-4A31-BCE6-DD948C141E7D}.Release|Any CPU.Build.0 = Release|Any CPU
		{7BED4645-C664-4F72-B054-9842841A2962}.Debug|Any CPU.ActiveCfg = Debug|Any CPU
		{7BED4645-C664-4F72-B054-9842841A2962}.Debug|Any CPU.Build.0 = Debug|Any CPU
		{7BED4645-C664-4F72-B054-9842841A2962}.Release|Any CPU.ActiveCfg = Release|Any CPU
		{7BED4645-C664-4F72-B054-9842841A2962}.Release|Any CPU.Build.0 = Release|Any CPU
	EndGlobalSection
	GlobalSection(SolutionProperties) = preSolution
		HideSolutionNode = FALSE
	EndGlobalSection
	GlobalSection(NestedProjects) = preSolution
		{C9ABF1D2-1C97-4E90-9DD4-A1870246D4A6} = {FE415351-DB21-400D-9B35-F78D2E8BC931}
		{FE07B891-76BC-4405-AB73-BF918FF4315F} = {20DB3177-F30C-40C3-87B2-F2A7F5BFF405}
		{51656AC7-5614-44F2-BE76-55CAB9723988} = {C832F0CD-E3EB-40A7-8980-18F8A451F861}
		{1FE203AA-B72B-42C4-BFFE-E3479CBB6470} = {C832F0CD-E3EB-40A7-8980-18F8A451F861}
		{52B08C20-6D9A-4F8E-BBC0-BB48AD944E99} = {03101D98-BE2E-4099-AFB6-3B3F6466121E}
		{CB72BFA8-7E97-4A31-BCE6-DD948C141E7D} = {6F2E226D-EA83-4399-9F3A-44ED62B12DB5}
		{7BED4645-C664-4F72-B054-9842841A2962} = {591EAA6D-F3AA-4ED1-A952-29D58CC7A9A3}
	EndGlobalSection
EndGlobal
